{
  "version": 4,
  "terraform_version": "1.2.7",
  "serial": 18,
  "lineage": "fe71a871-f586-8bc0-272a-f684888162a4",
  "outputs": {},
  "resources": [
    {
      "mode": "managed",
      "type": "azurerm_resource_group",
      "name": "my_demo_rg1",
      "provider": "provider[\"registry.terraform.io/hashicorp/azurerm\"]",
      "instances": [
        {
          "schema_version": 0,
          "attributes": {
            "id": "/subscriptions/854ef3b3-78cd-4397-949b-7a51cd858300/resourceGroups/my-demo-rg1",
            "location": "eastus",
            "name": "my-demo-rg1",
            "tags": {},
            "timeouts": null
          },
          "sensitive_attributes": [],
          "private": "eyJlMmJmYjczMC1lY2FhLTExZTYtOGY4OC0zNDM2M2JjN2M0YzAiOnsiY3JlYXRlIjo1NDAwMDAwMDAwMDAwLCJkZWxldGUiOjU0MDAwMDAwMDAwMDAsInJlYWQiOjMwMDAwMDAwMDAwMCwidXBkYXRlIjo1NDAwMDAwMDAwMDAwfX0="
        }
      ]
    },
    {
      "mode": "managed",
      "type": "azurerm_storage_account",
      "name": "mysa",
      "provider": "provider[\"registry.terraform.io/hashicorp/azurerm\"]",
      "instances": [
        {
          "schema_version": 3,
          "attributes": {
            "access_tier": "Hot",
            "account_kind": "StorageV2",
            "account_replication_type": "LRS",
            "account_tier": "Standard",
            "allow_nested_items_to_be_public": true,
            "azure_files_authentication": [],
            "blob_properties": [
              {
                "change_feed_enabled": false,
                "change_feed_retention_in_days": 0,
                "container_delete_retention_policy": [],
                "cors_rule": [],
                "default_service_version": "",
                "delete_retention_policy": [],
                "last_access_time_enabled": false,
                "versioning_enabled": false
              }
            ],
            "cross_tenant_replication_enabled": true,
            "custom_domain": [],
            "customer_managed_key": [],
            "default_to_oauth_authentication": false,
            "edge_zone": "",
            "enable_https_traffic_only": true,
            "id": "/subscriptions/854ef3b3-78cd-4397-949b-7a51cd858300/resourceGroups/my-demo-rg1/providers/Microsoft.Storage/storageAccounts/mysajgl2dmoq63yiruzc",
            "identity": [],
            "infrastructure_encryption_enabled": false,
            "is_hns_enabled": false,
            "large_file_share_enabled": null,
            "location": "eastus",
            "min_tls_version": "TLS1_2",
            "name": "mysajgl2dmoq63yiruzc",
            "network_rules": [
              {
                "bypass": [
                  "AzureServices"
                ],
                "default_action": "Allow",
                "ip_rules": [],
                "private_link_access": [],
                "virtual_network_subnet_ids": []
              }
            ],
            "nfsv3_enabled": false,
            "primary_access_key": "qbnaW4POMLWcHzA77PZcSc95sWz4RtSwgDFMH198SLS3Cf+5PiTNSmomxsOyiuiDIzV+uzi9px42+ASttG/GlQ==",
            "primary_blob_connection_string": "DefaultEndpointsProtocol=https;BlobEndpoint=https://mysajgl2dmoq63yiruzc.blob.core.windows.net/;AccountName=mysajgl2dmoq63yiruzc;AccountKey=qbnaW4POMLWcHzA77PZcSc95sWz4RtSwgDFMH198SLS3Cf+5PiTNSmomxsOyiuiDIzV+uzi9px42+ASttG/GlQ==",
            "primary_blob_endpoint": "https://mysajgl2dmoq63yiruzc.blob.core.windows.net/",
            "primary_blob_host": "mysajgl2dmoq63yiruzc.blob.core.windows.net",
            "primary_connection_string": "DefaultEndpointsProtocol=https;AccountName=mysajgl2dmoq63yiruzc;AccountKey=qbnaW4POMLWcHzA77PZcSc95sWz4RtSwgDFMH198SLS3Cf+5PiTNSmomxsOyiuiDIzV+uzi9px42+ASttG/GlQ==;EndpointSuffix=core.windows.net",
            "primary_dfs_endpoint": "https://mysajgl2dmoq63yiruzc.dfs.core.windows.net/",
            "primary_dfs_host": "mysajgl2dmoq63yiruzc.dfs.core.windows.net",
            "primary_file_endpoint": "https://mysajgl2dmoq63yiruzc.file.core.windows.net/",
            "primary_file_host": "mysajgl2dmoq63yiruzc.file.core.windows.net",
            "primary_location": "eastus",
            "primary_queue_endpoint": "https://mysajgl2dmoq63yiruzc.queue.core.windows.net/",
            "primary_queue_host": "mysajgl2dmoq63yiruzc.queue.core.windows.net",
            "primary_table_endpoint": "https://mysajgl2dmoq63yiruzc.table.core.windows.net/",
            "primary_table_host": "mysajgl2dmoq63yiruzc.table.core.windows.net",
            "primary_web_endpoint": "https://mysajgl2dmoq63yiruzc.z13.web.core.windows.net/",
            "primary_web_host": "mysajgl2dmoq63yiruzc.z13.web.core.windows.net",
            "queue_encryption_key_type": "Service",
            "queue_properties": [
              {
                "cors_rule": [],
                "hour_metrics": [
                  {
                    "enabled": true,
                    "include_apis": true,
                    "retention_policy_days": 7,
                    "version": "1.0"
                  }
                ],
                "logging": [
                  {
                    "delete": false,
                    "read": false,
                    "retention_policy_days": 0,
                    "version": "1.0",
                    "write": false
                  }
                ],
                "minute_metrics": [
                  {
                    "enabled": false,
                    "include_apis": false,
                    "retention_policy_days": 0,
                    "version": "1.0"
                  }
                ]
              }
            ],
            "resource_group_name": "my-demo-rg1",
            "routing": [],
            "secondary_access_key": "8Nk8PwbCNqsZtPEmG3dqeLzqgubmf1xTtAyHBfFHZVSG7vJ3klo+bqEGjwx2UMwVYgcsPNMXI6Om+AStQmWdow==",
            "secondary_blob_connection_string": "",
            "secondary_blob_endpoint": null,
            "secondary_blob_host": null,
            "secondary_connection_string": "DefaultEndpointsProtocol=https;AccountName=mysajgl2dmoq63yiruzc;AccountKey=8Nk8PwbCNqsZtPEmG3dqeLzqgubmf1xTtAyHBfFHZVSG7vJ3klo+bqEGjwx2UMwVYgcsPNMXI6Om+AStQmWdow==;EndpointSuffix=core.windows.net",
            "secondary_dfs_endpoint": null,
            "secondary_dfs_host": null,
            "secondary_file_endpoint": null,
            "secondary_file_host": null,
            "secondary_location": "",
            "secondary_queue_endpoint": null,
            "secondary_queue_host": null,
            "secondary_table_endpoint": null,
            "secondary_table_host": null,
            "secondary_web_endpoint": null,
            "secondary_web_host": null,
            "share_properties": [
              {
                "cors_rule": [],
                "retention_policy": [
                  {
                    "days": 7
                  }
                ],
                "smb": []
              }
            ],
            "shared_access_key_enabled": true,
            "static_website": [],
            "table_encryption_key_type": "Service",
            "tags": {
              "environment": "staging"
            },
            "timeouts": null
          },
          "sensitive_attributes": [],
          "private": "eyJlMmJmYjczMC1lY2FhLTExZTYtOGY4OC0zNDM2M2JjN2M0YzAiOnsiY3JlYXRlIjozNjAwMDAwMDAwMDAwLCJkZWxldGUiOjM2MDAwMDAwMDAwMDAsInJlYWQiOjMwMDAwMDAwMDAwMCwidXBkYXRlIjozNjAwMDAwMDAwMDAwfSwic2NoZW1hX3ZlcnNpb24iOiIzIn0=",
          "dependencies": [
            "azurerm_resource_group.my_demo_rg1",
            "random_string.myRand"
          ]
        }
      ]
    },
    {
      "mode": "managed",
      "type": "azurerm_virtual_network",
      "name": "myVnet",
      "provider": "provider[\"registry.terraform.io/hashicorp/azurerm\"]",
      "instances": [
        {
          "schema_version": 0,
          "attributes": {
            "address_space": [
              "10.0.0.0/16"
            ],
            "bgp_community": "",
            "ddos_protection_plan": [],
            "dns_servers": [],
            "edge_zone": "",
            "flow_timeout_in_minutes": 0,
            "guid": "3c9c1d1e-6c36-43f5-b9e5-b1a9d84bb70a",
            "id": "/subscriptions/854ef3b3-78cd-4397-949b-7a51cd858300/resourceGroups/my-demo-rg1/providers/Microsoft.Network/virtualNetworks/my-Vnet-1",
            "location": "eastus",
            "name": "my-Vnet-1",
            "resource_group_name": "my-demo-rg1",
            "subnet": [],
            "tags": {},
            "timeouts": null
          },
          "sensitive_attributes": [],
          "private": "eyJlMmJmYjczMC1lY2FhLTExZTYtOGY4OC0zNDM2M2JjN2M0YzAiOnsiY3JlYXRlIjoxODAwMDAwMDAwMDAwLCJkZWxldGUiOjE4MDAwMDAwMDAwMDAsInJlYWQiOjMwMDAwMDAwMDAwMCwidXBkYXRlIjoxODAwMDAwMDAwMDAwfX0=",
          "dependencies": [
            "azurerm_resource_group.my_demo_rg1"
          ]
        }
      ]
    },
    {
      "mode": "managed",
      "type": "random_string",
      "name": "myRand",
      "provider": "provider[\"registry.terraform.io/hashicorp/random\"]",
      "instances": [
        {
          "schema_version": 2,
          "attributes": {
            "id": "jgl2dmoq63yiruzc",
            "keepers": null,
            "length": 16,
            "lower": true,
            "min_lower": 0,
            "min_numeric": 0,
            "min_special": 0,
            "min_upper": 0,
            "number": true,
            "numeric": true,
            "override_special": null,
            "result": "jgl2dmoq63yiruzc",
            "special": false,
            "upper": false
          },
          "sensitive_attributes": [],
          "private": "eyJzY2hlbWFfdmVyc2lvbiI6IjIifQ=="
        }
      ]
    }
  ]
}
