{
  "version": 4,
  "terraform_version": "1.2.7",
  "serial": 309,
  "lineage": "5fb8a177-47bb-70fc-3793-b9fc722f2ba2",
  "outputs": {
    "PrivateKey": {
      "value": "-----BEGIN RSA PRIVATE KEY-----\nMIIEowIBAAKCAQEAwl0Yu24qlhHKXiOCLdWqWoiDOt0RFbks/liYwtSVy2HuTLZi\nRqfwg2y9mj1xhoSlrCKHeEz6h94u5w1lQhafWDknFg/Vid3BCuLAeY65kRtv7SSZ\nTnbjvZNAopSblARC79IwtmtmgSQ/4pDqoLCZ/5QpDiOT847dUQpDeswhoDxnqgWu\ncpTbUZ2gTROin2iYpkdUiMd2BKYi5aUfo90DKJ5fKLS4o75K6WU9B8yi2+XfCcoD\nQ6pwRsy5u+suXCCNRNrqj1zzp5NZ2PDfn/xaqA02Cm5MjvoVNx2Tv43E27SlDulf\nBhYDJzXTjthKqVVXt4TraVePLBVzzPSaOS1HFwIDAQABAoIBAQC+BlsJ1LmaIyah\nR0IdIcr93H3A7SWpAXR175Ta1xDk2YgsRBxtTAAf3g65X91AUSvQ0al0+n3unFFq\n4HPhW1DK5oXKUgzKT55O0EayEdJnhlW1mpSwXBho3jDRQ02gN1JiOjQaBYMgO5qi\nHmDmXgMSF37ULgCWnVTPyKMUycMOboquhAzowFlJ2izlcLLxxacxejVNxPi0ai4X\nOKrwN/qUaOblziVqnKbmY8SR/LAXGq/CQaTB2QfN9aHywAtYMxi8aH8K0wF1wKd/\nAxBzX1xjHfex9ULs8xEOeuU2yDjJXpSvSrfR3MmgBP1raAKseO8XFQ1gXrq/rwjO\nyf5P/CzxAoGBAM3YLBPM5qhr3fQAk2eEWgj/y3dv9kLh0G+rO/NAv2WVBPIjo4sH\nxKrHwh0E4LL9QHOygBI1iOpQVtYrlpMU/loC0ySy9OMizDvvlgwz7Ufn3TXmrmHf\nEK8SNXP95M132KMOAYrJUedPEr0teoncoXErTtk5I3cUROPnbx9eOI6tAoGBAPG4\ny8pVNV7QWgL32TDDhhEtEQ5YFkEGxpJTGWiyqPihNawGLHQoG9oVj3znrRTT62IJ\nNJw4JbAYFHMwLX3MiZ7zjmEj4Cwp5f8DOgSYcsRV4o8QDHLfcuNUSL3WyCfxjdmY\nQs6yjCS+Jg3ic4UG3G50Waj56/0vvWoNk21oLLlTAoGAb7PbV3NdyA+hBoQ5eXdN\nFI0a8NmFHY5E+hRGGB8OviU75dqJKS0yACsen3jCJt9fVmmLLlZ20hB+zwIgV/iQ\nfnAB/GxQj+GWSwAcwMp8/QRJ+rIP93SBLUAIWcVxoD5lBTbYh2PwWkGCvb4sPRvJ\nUAxcYWysXjZVnAc/Ohp7PpECgYBxZ6ycqatXZ1LDj7pjCWhtyIH3A9a0/VPONJR4\nLVHfC+sdYOwcNvESOQlPpXXrjp0hKoZ3QFRWMIXvoMvG+F4cp9HFu0oiDiosoTvo\nCgnWGSEo03OztSe2hcV24zyWmNpfGvNE/DmJx3gdDX/7CkQCwi2KfG5+I5avGd1v\n9+77pwKBgGFyxaI2gu9AwvdLQvCKOgjpuCWod2OAuURvT1YyO58PNwZVVH3wZe/k\nTn9VtIVV8Q4MFFLKXOp8voyGFoNJWJDTMUDb+R/EGOauvd9uU5SJDKSI461yy5pi\nOAHgwEfTNea0KcF5uLlI6TFFivSuLGlILRkLpdh/MAdPgA21bpSc\n-----END RSA PRIVATE KEY-----\n",
      "type": "string",
      "sensitive": true
    },
    "public_IP_Address": {
      "value": "20.242.49.116",
      "type": "string"
    }
  },
  "resources": [
    {
      "mode": "managed",
      "type": "azurerm_linux_virtual_machine",
      "name": "vm-01",
      "provider": "provider[\"registry.terraform.io/hashicorp/azurerm\"]",
      "instances": [
        {
          "schema_version": 0,
          "attributes": {
            "additional_capabilities": [],
            "admin_password": null,
            "admin_ssh_key": [
              {
                "public_key": "ssh-rsa AAAAB3NzaC1yc2EAAAADAQABAAABAQDCXRi7biqWEcpeI4It1apaiIM63REVuSz+WJjC1JXLYe5MtmJGp/CDbL2aPXGGhKWsIod4TPqH3i7nDWVCFp9YOScWD9WJ3cEK4sB5jrmRG2/tJJlOduO9k0CilJuUBELv0jC2a2aBJD/ikOqgsJn/lCkOI5Pzjt1RCkN6zCGgPGeqBa5ylNtRnaBNE6KfaJimR1SIx3YEpiLlpR+j3QMonl8otLijvkrpZT0HzKLb5d8JygNDqnBGzLm76y5cII1E2uqPXPOnk1nY8N+f/FqoDTYKbkyO+hU3HZO/jcTbtKUO6V8GFgMnNdOO2EqpVVe3hOtpV48sFXPM9Jo5LUcX\n",
                "username": "adminuser"
              }
            ],
            "admin_username": "adminuser",
            "allow_extension_operations": true,
            "availability_set_id": "",
            "boot_diagnostics": [],
            "capacity_reservation_group_id": "",
            "computer_name": "VMLinux-ol40pl",
            "custom_data": "IyEvYmluL3NoCiNzdWRvIHl1bSB1cGRhdGUgLXkKc3VkbyB5dW0gaW5zdGFsbCAteSBodHRwZApzdWRvIHN5c3RlbWN0bCBlbmFibGUgaHR0cGQKc3VkbyBzeXN0ZW1jdGwgc3RhcnQgaHR0cGQgIApzdWRvIHN5c3RlbWN0bCBzdG9wIGZpcmV3YWxsZApzdWRvIHN5c3RlbWN0bCBkaXNhYmxlIGZpcmV3YWxsZApzdWRvIGNobW9kIC1SIDc3NyAvdmFyL3d3dy9odG1sIApzdWRvIGVjaG8gIldlbGNvbWUgdG8gVGVycmFmb3JtIENvdXJzZSAtIFdlYlZNIEFwcDEgLSBWTSBIb3N0bmFtZTogJChob3N0bmFtZSkiID4gL3Zhci93d3cvaHRtbC9pbmRleC5odG1sCnN1ZG8gbWtkaXIgL3Zhci93d3cvaHRtbC9hcHAxCnN1ZG8gZWNobyAiV2VsY29tZSB0byBUZXJyYWZvcm0gQ291cnNlIC0gV2ViVk0gQXBwMSAtIFZNIEhvc3RuYW1lOiAkKGhvc3RuYW1lKSIgPiAvdmFyL3d3dy9odG1sL2FwcDEvaG9zdG5hbWUuaHRtbApzdWRvIGVjaG8gIldlbGNvbWUgdG8gVGVycmFmb3JtIENvdXJzZSAtIFdlYlZNIEFwcDEgLSBBcHAgU3RhdHVzIFBhZ2UiID4gL3Zhci93d3cvaHRtbC9hcHAxL3N0YXR1cy5odG1sCnN1ZG8gZWNobyAnPCFET0NUWVBFIGh0bWw+IDxodG1sPiA8Ym9keSBzdHlsZT0iYmFja2dyb3VuZC1jb2xvcjpyZ2IoMjUwLCAyMTAsIDIxMCk7Ij4gPGgxPldlbGNvbWUgdG8gVGVycmFmb3JtIENvdXJzZSAtIFdlYlZNIEFQUC0xIDwvaDE+IDxwPlRlcnJhZm9ybSBEZW1vPC9wPiA8cD5BcHBsaWNhdGlvbiBWZXJzaW9uOiBWMTwvcD4gPC9ib2R5PjwvaHRtbD4nIHwgc3VkbyB0ZWUgL3Zhci93d3cvaHRtbC9hcHAxL2luZGV4Lmh0bWwKc3VkbyBjdXJsIC1IICJNZXRhZGF0YTp0cnVlIiAtLW5vcHJveHkgIioiICJodHRwOi8vMTY5LjI1NC4xNjkuMjU0L21ldGFkYXRhL2luc3RhbmNlP2FwaS12ZXJzaW9uPTIwMjAtMDktMDEiIC1vIC92YXIvd3d3L2h0bWwvYXBwMS9tZXRhZGF0YS5odG1sCkNVU1RPTV9EQVRBIA==",
            "dedicated_host_group_id": "",
            "dedicated_host_id": "",
            "disable_password_authentication": true,
            "edge_zone": "",
            "encryption_at_host_enabled": false,
            "eviction_policy": "",
            "extensions_time_budget": "PT1H30M",
            "id": "/subscriptions/854ef3b3-78cd-4397-949b-7a51cd858300/resourceGroups/sap-dev-rg-default-ol40pl/providers/Microsoft.Compute/virtualMachines/VMLinux-ol40pl",
            "identity": [],
            "license_type": "",
            "location": "eastus2",
            "max_bid_price": -1,
            "name": "VMLinux-ol40pl",
            "network_interface_ids": [
              "/subscriptions/854ef3b3-78cd-4397-949b-7a51cd858300/resourceGroups/sap-dev-rg-default-ol40pl/providers/Microsoft.Network/networkInterfaces/nic-ol40pl"
            ],
            "os_disk": [
              {
                "caching": "ReadWrite",
                "diff_disk_settings": [],
                "disk_encryption_set_id": "",
                "disk_size_gb": 64,
                "name": "VMLinux-ol40pl_OsDisk_1_0bc74cea44454205944e62953c0d2c5c",
                "secure_vm_disk_encryption_set_id": "",
                "security_encryption_type": "",
                "storage_account_type": "Standard_LRS",
                "write_accelerator_enabled": false
              }
            ],
            "patch_mode": "ImageDefault",
            "plan": [],
            "platform_fault_domain": -1,
            "priority": "Regular",
            "private_ip_address": "10.0.1.4",
            "private_ip_addresses": [
              "10.0.1.4"
            ],
            "provision_vm_agent": true,
            "proximity_placement_group_id": "",
            "public_ip_address": "20.242.49.116",
            "public_ip_addresses": [
              "20.242.49.116"
            ],
            "resource_group_name": "sap-dev-rg-default-ol40pl",
            "secret": [],
            "secure_boot_enabled": false,
            "size": "Standard_DS1_v2",
            "source_image_id": "",
            "source_image_reference": [
              {
                "offer": "RHEL",
                "publisher": "RedHat",
                "sku": "83-gen2",
                "version": "latest"
              }
            ],
            "tags": {
              "environment": "dev",
              "owners": "sap"
            },
            "termination_notification": [],
            "timeouts": null,
            "user_data": "",
            "virtual_machine_id": "0c6ec138-5943-4a7f-840c-c486fe056467",
            "virtual_machine_scale_set_id": "",
            "vtpm_enabled": false,
            "zone": ""
          },
          "sensitive_attributes": [],
          "private": "eyJlMmJmYjczMC1lY2FhLTExZTYtOGY4OC0zNDM2M2JjN2M0YzAiOnsiY3JlYXRlIjoyNzAwMDAwMDAwMDAwLCJkZWxldGUiOjI3MDAwMDAwMDAwMDAsInJlYWQiOjMwMDAwMDAwMDAwMCwidXBkYXRlIjoyNzAwMDAwMDAwMDAwfX0=",
          "dependencies": [
            "azurerm_network_interface.nic-01",
            "azurerm_public_ip.publicIP-01",
            "azurerm_resource_group.rg",
            "azurerm_subnet.websubnet",
            "azurerm_virtual_network.vnet",
            "random_string.myrandom",
            "tls_private_key.privateKey"
          ]
        }
      ]
    },
    {
      "mode": "managed",
      "type": "azurerm_network_interface",
      "name": "nic-01",
      "provider": "provider[\"registry.terraform.io/hashicorp/azurerm\"]",
      "instances": [
        {
          "schema_version": 0,
          "attributes": {
            "applied_dns_servers": [],
            "dns_servers": [],
            "edge_zone": "",
            "enable_accelerated_networking": false,
            "enable_ip_forwarding": false,
            "id": "/subscriptions/854ef3b3-78cd-4397-949b-7a51cd858300/resourceGroups/sap-dev-rg-default-ol40pl/providers/Microsoft.Network/networkInterfaces/nic-ol40pl",
            "internal_dns_name_label": "",
            "internal_domain_name_suffix": "fjtji2qoacpuzj014po5hba05g.cx.internal.cloudapp.net",
            "ip_configuration": [
              {
                "gateway_load_balancer_frontend_ip_configuration_id": "",
                "name": "internal",
                "primary": true,
                "private_ip_address": "10.0.1.4",
                "private_ip_address_allocation": "Dynamic",
                "private_ip_address_version": "IPv4",
                "public_ip_address_id": "/subscriptions/854ef3b3-78cd-4397-949b-7a51cd858300/resourceGroups/sap-dev-rg-default-ol40pl/providers/Microsoft.Network/publicIPAddresses/pip-default",
                "subnet_id": "/subscriptions/854ef3b3-78cd-4397-949b-7a51cd858300/resourceGroups/sap-dev-rg-default-ol40pl/providers/Microsoft.Network/virtualNetworks/sap-dev-vnet-default/subnets/sap-dev-vnet-default-websubnet"
              }
            ],
            "location": "eastus2",
            "mac_address": "00-0D-3A-7B-6B-88",
            "name": "nic-ol40pl",
            "private_ip_address": "10.0.1.4",
            "private_ip_addresses": [
              "10.0.1.4"
            ],
            "resource_group_name": "sap-dev-rg-default-ol40pl",
            "tags": {
              "environment": "dev",
              "owners": "sap"
            },
            "timeouts": null,
            "virtual_machine_id": "/subscriptions/854ef3b3-78cd-4397-949b-7a51cd858300/resourceGroups/sap-dev-rg-default-ol40pl/providers/Microsoft.Compute/virtualMachines/VMLinux-ol40pl"
          },
          "sensitive_attributes": [],
          "private": "eyJlMmJmYjczMC1lY2FhLTExZTYtOGY4OC0zNDM2M2JjN2M0YzAiOnsiY3JlYXRlIjoxODAwMDAwMDAwMDAwLCJkZWxldGUiOjE4MDAwMDAwMDAwMDAsInJlYWQiOjMwMDAwMDAwMDAwMCwidXBkYXRlIjoxODAwMDAwMDAwMDAwfX0=",
          "dependencies": [
            "azurerm_public_ip.publicIP-01",
            "azurerm_resource_group.rg",
            "azurerm_subnet.websubnet",
            "azurerm_virtual_network.vnet",
            "random_string.myrandom"
          ]
        }
      ]
    },
    {
      "mode": "managed",
      "type": "azurerm_network_security_group",
      "name": "app_subnet_nsg",
      "provider": "provider[\"registry.terraform.io/hashicorp/azurerm\"]",
      "instances": [
        {
          "schema_version": 0,
          "attributes": {
            "id": "/subscriptions/854ef3b3-78cd-4397-949b-7a51cd858300/resourceGroups/sap-dev-rg-default-ol40pl/providers/Microsoft.Network/networkSecurityGroups/sap-dev-vnet-default-appsubnet-nsg",
            "location": "eastus2",
            "name": "sap-dev-vnet-default-appsubnet-nsg",
            "resource_group_name": "sap-dev-rg-default-ol40pl",
            "security_rule": [
              {
                "access": "Allow",
                "description": "",
                "destination_address_prefix": "*",
                "destination_address_prefixes": [],
                "destination_application_security_group_ids": [],
                "destination_port_range": "22",
                "destination_port_ranges": [],
                "direction": "Inbound",
                "name": "Rule-Port-22",
                "priority": 130,
                "protocol": "Tcp",
                "source_address_prefix": "*",
                "source_address_prefixes": [],
                "source_application_security_group_ids": [],
                "source_port_range": "*",
                "source_port_ranges": []
              },
              {
                "access": "Allow",
                "description": "",
                "destination_address_prefix": "*",
                "destination_address_prefixes": [],
                "destination_application_security_group_ids": [],
                "destination_port_range": "443",
                "destination_port_ranges": [],
                "direction": "Inbound",
                "name": "Rule-Port-443",
                "priority": 110,
                "protocol": "Tcp",
                "source_address_prefix": "*",
                "source_address_prefixes": [],
                "source_application_security_group_ids": [],
                "source_port_range": "*",
                "source_port_ranges": []
              },
              {
                "access": "Allow",
                "description": "",
                "destination_address_prefix": "*",
                "destination_address_prefixes": [],
                "destination_application_security_group_ids": [],
                "destination_port_range": "80",
                "destination_port_ranges": [],
                "direction": "Inbound",
                "name": "Rule-Port-80",
                "priority": 100,
                "protocol": "Tcp",
                "source_address_prefix": "*",
                "source_address_prefixes": [],
                "source_application_security_group_ids": [],
                "source_port_range": "*",
                "source_port_ranges": []
              },
              {
                "access": "Allow",
                "description": "",
                "destination_address_prefix": "*",
                "destination_address_prefixes": [],
                "destination_application_security_group_ids": [],
                "destination_port_range": "8080",
                "destination_port_ranges": [],
                "direction": "Inbound",
                "name": "Rule-Port-8080",
                "priority": 120,
                "protocol": "Tcp",
                "source_address_prefix": "*",
                "source_address_prefixes": [],
                "source_application_security_group_ids": [],
                "source_port_range": "*",
                "source_port_ranges": []
              }
            ],
            "tags": {},
            "timeouts": null
          },
          "sensitive_attributes": [],
          "private": "eyJlMmJmYjczMC1lY2FhLTExZTYtOGY4OC0zNDM2M2JjN2M0YzAiOnsiY3JlYXRlIjoxODAwMDAwMDAwMDAwLCJkZWxldGUiOjE4MDAwMDAwMDAwMDAsInJlYWQiOjMwMDAwMDAwMDAwMCwidXBkYXRlIjoxODAwMDAwMDAwMDAwfX0=",
          "dependencies": [
            "azurerm_resource_group.rg",
            "azurerm_subnet.appsubnet",
            "azurerm_virtual_network.vnet",
            "random_string.myrandom"
          ]
        }
      ]
    },
    {
      "mode": "managed",
      "type": "azurerm_network_security_group",
      "name": "bastion_subnet_nsg",
      "provider": "provider[\"registry.terraform.io/hashicorp/azurerm\"]",
      "instances": [
        {
          "schema_version": 0,
          "attributes": {
            "id": "/subscriptions/854ef3b3-78cd-4397-949b-7a51cd858300/resourceGroups/sap-dev-rg-default-ol40pl/providers/Microsoft.Network/networkSecurityGroups/sap-dev-vnet-default-bastionsubnet-nsg",
            "location": "eastus2",
            "name": "sap-dev-vnet-default-bastionsubnet-nsg",
            "resource_group_name": "sap-dev-rg-default-ol40pl",
            "security_rule": [
              {
                "access": "Allow",
                "description": "",
                "destination_address_prefix": "*",
                "destination_address_prefixes": [],
                "destination_application_security_group_ids": [],
                "destination_port_range": "22",
                "destination_port_ranges": [],
                "direction": "Inbound",
                "name": "Rule-Port-22",
                "priority": 100,
                "protocol": "Tcp",
                "source_address_prefix": "*",
                "source_address_prefixes": [],
                "source_application_security_group_ids": [],
                "source_port_range": "*",
                "source_port_ranges": []
              },
              {
                "access": "Allow",
                "description": "",
                "destination_address_prefix": "*",
                "destination_address_prefixes": [],
                "destination_application_security_group_ids": [],
                "destination_port_range": "3389",
                "destination_port_ranges": [],
                "direction": "Inbound",
                "name": "Rule-Port-3389",
                "priority": 110,
                "protocol": "Tcp",
                "source_address_prefix": "*",
                "source_address_prefixes": [],
                "source_application_security_group_ids": [],
                "source_port_range": "*",
                "source_port_ranges": []
              }
            ],
            "tags": {},
            "timeouts": null
          },
          "sensitive_attributes": [],
          "private": "eyJlMmJmYjczMC1lY2FhLTExZTYtOGY4OC0zNDM2M2JjN2M0YzAiOnsiY3JlYXRlIjoxODAwMDAwMDAwMDAwLCJkZWxldGUiOjE4MDAwMDAwMDAwMDAsInJlYWQiOjMwMDAwMDAwMDAwMCwidXBkYXRlIjoxODAwMDAwMDAwMDAwfX0=",
          "dependencies": [
            "azurerm_resource_group.rg",
            "azurerm_subnet.bastionsubnet",
            "azurerm_virtual_network.vnet",
            "random_string.myrandom"
          ]
        }
      ]
    },
    {
      "mode": "managed",
      "type": "azurerm_network_security_group",
      "name": "db_subnet_nsg",
      "provider": "provider[\"registry.terraform.io/hashicorp/azurerm\"]",
      "instances": [
        {
          "schema_version": 0,
          "attributes": {
            "id": "/subscriptions/854ef3b3-78cd-4397-949b-7a51cd858300/resourceGroups/sap-dev-rg-default-ol40pl/providers/Microsoft.Network/networkSecurityGroups/sap-dev-vnet-default-dbsubnet-nsg",
            "location": "eastus2",
            "name": "sap-dev-vnet-default-dbsubnet-nsg",
            "resource_group_name": "sap-dev-rg-default-ol40pl",
            "security_rule": [
              {
                "access": "Allow",
                "description": "",
                "destination_address_prefix": "*",
                "destination_address_prefixes": [],
                "destination_application_security_group_ids": [],
                "destination_port_range": "1433",
                "destination_port_ranges": [],
                "direction": "Inbound",
                "name": "Rule-Port-1433",
                "priority": 110,
                "protocol": "Tcp",
                "source_address_prefix": "*",
                "source_address_prefixes": [],
                "source_application_security_group_ids": [],
                "source_port_range": "*",
                "source_port_ranges": []
              },
              {
                "access": "Allow",
                "description": "",
                "destination_address_prefix": "*",
                "destination_address_prefixes": [],
                "destination_application_security_group_ids": [],
                "destination_port_range": "3306",
                "destination_port_ranges": [],
                "direction": "Inbound",
                "name": "Rule-Port-3306",
                "priority": 100,
                "protocol": "Tcp",
                "source_address_prefix": "*",
                "source_address_prefixes": [],
                "source_application_security_group_ids": [],
                "source_port_range": "*",
                "source_port_ranges": []
              },
              {
                "access": "Allow",
                "description": "",
                "destination_address_prefix": "*",
                "destination_address_prefixes": [],
                "destination_application_security_group_ids": [],
                "destination_port_range": "5432",
                "destination_port_ranges": [],
                "direction": "Inbound",
                "name": "Rule-Port-5432",
                "priority": 120,
                "protocol": "Tcp",
                "source_address_prefix": "*",
                "source_address_prefixes": [],
                "source_application_security_group_ids": [],
                "source_port_range": "*",
                "source_port_ranges": []
              }
            ],
            "tags": {},
            "timeouts": null
          },
          "sensitive_attributes": [],
          "private": "eyJlMmJmYjczMC1lY2FhLTExZTYtOGY4OC0zNDM2M2JjN2M0YzAiOnsiY3JlYXRlIjoxODAwMDAwMDAwMDAwLCJkZWxldGUiOjE4MDAwMDAwMDAwMDAsInJlYWQiOjMwMDAwMDAwMDAwMCwidXBkYXRlIjoxODAwMDAwMDAwMDAwfX0=",
          "dependencies": [
            "azurerm_resource_group.rg",
            "azurerm_subnet.dbsubnet",
            "azurerm_virtual_network.vnet",
            "random_string.myrandom"
          ]
        }
      ]
    },
    {
      "mode": "managed",
      "type": "azurerm_network_security_group",
      "name": "web_subnet_nsg",
      "provider": "provider[\"registry.terraform.io/hashicorp/azurerm\"]",
      "instances": [
        {
          "schema_version": 0,
          "attributes": {
            "id": "/subscriptions/854ef3b3-78cd-4397-949b-7a51cd858300/resourceGroups/sap-dev-rg-default-ol40pl/providers/Microsoft.Network/networkSecurityGroups/sap-dev-vnet-default-websubnet-nsg",
            "location": "eastus2",
            "name": "sap-dev-vnet-default-websubnet-nsg",
            "resource_group_name": "sap-dev-rg-default-ol40pl",
            "security_rule": [
              {
                "access": "Allow",
                "description": "",
                "destination_address_prefix": "*",
                "destination_address_prefixes": [],
                "destination_application_security_group_ids": [],
                "destination_port_range": "22",
                "destination_port_ranges": [],
                "direction": "Inbound",
                "name": "Rule-Port-22",
                "priority": 120,
                "protocol": "Tcp",
                "source_address_prefix": "*",
                "source_address_prefixes": [],
                "source_application_security_group_ids": [],
                "source_port_range": "*",
                "source_port_ranges": []
              },
              {
                "access": "Allow",
                "description": "",
                "destination_address_prefix": "*",
                "destination_address_prefixes": [],
                "destination_application_security_group_ids": [],
                "destination_port_range": "80",
                "destination_port_ranges": [],
                "direction": "Inbound",
                "name": "Rule-Port-80",
                "priority": 100,
                "protocol": "Tcp",
                "source_address_prefix": "*",
                "source_address_prefixes": [],
                "source_application_security_group_ids": [],
                "source_port_range": "*",
                "source_port_ranges": []
              }
            ],
            "tags": {},
            "timeouts": null
          },
          "sensitive_attributes": [],
          "private": "eyJlMmJmYjczMC1lY2FhLTExZTYtOGY4OC0zNDM2M2JjN2M0YzAiOnsiY3JlYXRlIjoxODAwMDAwMDAwMDAwLCJkZWxldGUiOjE4MDAwMDAwMDAwMDAsInJlYWQiOjMwMDAwMDAwMDAwMCwidXBkYXRlIjoxODAwMDAwMDAwMDAwfX0=",
          "dependencies": [
            "azurerm_resource_group.rg",
            "azurerm_subnet.websubnet",
            "azurerm_virtual_network.vnet",
            "random_string.myrandom"
          ]
        }
      ]
    },
    {
      "mode": "managed",
      "type": "azurerm_network_security_rule",
      "name": "app_nsg_rule_inbound",
      "provider": "provider[\"registry.terraform.io/hashicorp/azurerm\"]",
      "instances": [
        {
          "index_key": "100",
          "schema_version": 0,
          "attributes": {
            "access": "Allow",
            "description": "",
            "destination_address_prefix": "*",
            "destination_address_prefixes": [],
            "destination_application_security_group_ids": [],
            "destination_port_range": "80",
            "destination_port_ranges": [],
            "direction": "Inbound",
            "id": "/subscriptions/854ef3b3-78cd-4397-949b-7a51cd858300/resourceGroups/sap-dev-rg-default-ol40pl/providers/Microsoft.Network/networkSecurityGroups/sap-dev-vnet-default-appsubnet-nsg/securityRules/Rule-Port-80",
            "name": "Rule-Port-80",
            "network_security_group_name": "sap-dev-vnet-default-appsubnet-nsg",
            "priority": 100,
            "protocol": "Tcp",
            "resource_group_name": "sap-dev-rg-default-ol40pl",
            "source_address_prefix": "*",
            "source_address_prefixes": [],
            "source_application_security_group_ids": [],
            "source_port_range": "*",
            "source_port_ranges": [],
            "timeouts": null
          },
          "sensitive_attributes": [],
          "private": "eyJlMmJmYjczMC1lY2FhLTExZTYtOGY4OC0zNDM2M2JjN2M0YzAiOnsiY3JlYXRlIjoxODAwMDAwMDAwMDAwLCJkZWxldGUiOjE4MDAwMDAwMDAwMDAsInJlYWQiOjMwMDAwMDAwMDAwMCwidXBkYXRlIjoxODAwMDAwMDAwMDAwfX0=",
          "dependencies": [
            "azurerm_network_security_group.app_subnet_nsg",
            "azurerm_resource_group.rg",
            "azurerm_subnet.appsubnet",
            "azurerm_virtual_network.vnet",
            "random_string.myrandom"
          ]
        },
        {
          "index_key": "110",
          "schema_version": 0,
          "attributes": {
            "access": "Allow",
            "description": "",
            "destination_address_prefix": "*",
            "destination_address_prefixes": [],
            "destination_application_security_group_ids": [],
            "destination_port_range": "443",
            "destination_port_ranges": [],
            "direction": "Inbound",
            "id": "/subscriptions/854ef3b3-78cd-4397-949b-7a51cd858300/resourceGroups/sap-dev-rg-default-ol40pl/providers/Microsoft.Network/networkSecurityGroups/sap-dev-vnet-default-appsubnet-nsg/securityRules/Rule-Port-443",
            "name": "Rule-Port-443",
            "network_security_group_name": "sap-dev-vnet-default-appsubnet-nsg",
            "priority": 110,
            "protocol": "Tcp",
            "resource_group_name": "sap-dev-rg-default-ol40pl",
            "source_address_prefix": "*",
            "source_address_prefixes": [],
            "source_application_security_group_ids": [],
            "source_port_range": "*",
            "source_port_ranges": [],
            "timeouts": null
          },
          "sensitive_attributes": [],
          "private": "eyJlMmJmYjczMC1lY2FhLTExZTYtOGY4OC0zNDM2M2JjN2M0YzAiOnsiY3JlYXRlIjoxODAwMDAwMDAwMDAwLCJkZWxldGUiOjE4MDAwMDAwMDAwMDAsInJlYWQiOjMwMDAwMDAwMDAwMCwidXBkYXRlIjoxODAwMDAwMDAwMDAwfX0=",
          "dependencies": [
            "azurerm_network_security_group.app_subnet_nsg",
            "azurerm_resource_group.rg",
            "azurerm_subnet.appsubnet",
            "azurerm_virtual_network.vnet",
            "random_string.myrandom"
          ]
        },
        {
          "index_key": "120",
          "schema_version": 0,
          "attributes": {
            "access": "Allow",
            "description": "",
            "destination_address_prefix": "*",
            "destination_address_prefixes": [],
            "destination_application_security_group_ids": [],
            "destination_port_range": "8080",
            "destination_port_ranges": [],
            "direction": "Inbound",
            "id": "/subscriptions/854ef3b3-78cd-4397-949b-7a51cd858300/resourceGroups/sap-dev-rg-default-ol40pl/providers/Microsoft.Network/networkSecurityGroups/sap-dev-vnet-default-appsubnet-nsg/securityRules/Rule-Port-8080",
            "name": "Rule-Port-8080",
            "network_security_group_name": "sap-dev-vnet-default-appsubnet-nsg",
            "priority": 120,
            "protocol": "Tcp",
            "resource_group_name": "sap-dev-rg-default-ol40pl",
            "source_address_prefix": "*",
            "source_address_prefixes": [],
            "source_application_security_group_ids": [],
            "source_port_range": "*",
            "source_port_ranges": [],
            "timeouts": null
          },
          "sensitive_attributes": [],
          "private": "eyJlMmJmYjczMC1lY2FhLTExZTYtOGY4OC0zNDM2M2JjN2M0YzAiOnsiY3JlYXRlIjoxODAwMDAwMDAwMDAwLCJkZWxldGUiOjE4MDAwMDAwMDAwMDAsInJlYWQiOjMwMDAwMDAwMDAwMCwidXBkYXRlIjoxODAwMDAwMDAwMDAwfX0=",
          "dependencies": [
            "azurerm_network_security_group.app_subnet_nsg",
            "azurerm_resource_group.rg",
            "azurerm_subnet.appsubnet",
            "azurerm_virtual_network.vnet",
            "random_string.myrandom"
          ]
        },
        {
          "index_key": "130",
          "schema_version": 0,
          "attributes": {
            "access": "Allow",
            "description": "",
            "destination_address_prefix": "*",
            "destination_address_prefixes": [],
            "destination_application_security_group_ids": [],
            "destination_port_range": "22",
            "destination_port_ranges": [],
            "direction": "Inbound",
            "id": "/subscriptions/854ef3b3-78cd-4397-949b-7a51cd858300/resourceGroups/sap-dev-rg-default-ol40pl/providers/Microsoft.Network/networkSecurityGroups/sap-dev-vnet-default-appsubnet-nsg/securityRules/Rule-Port-22",
            "name": "Rule-Port-22",
            "network_security_group_name": "sap-dev-vnet-default-appsubnet-nsg",
            "priority": 130,
            "protocol": "Tcp",
            "resource_group_name": "sap-dev-rg-default-ol40pl",
            "source_address_prefix": "*",
            "source_address_prefixes": [],
            "source_application_security_group_ids": [],
            "source_port_range": "*",
            "source_port_ranges": [],
            "timeouts": null
          },
          "sensitive_attributes": [],
          "private": "eyJlMmJmYjczMC1lY2FhLTExZTYtOGY4OC0zNDM2M2JjN2M0YzAiOnsiY3JlYXRlIjoxODAwMDAwMDAwMDAwLCJkZWxldGUiOjE4MDAwMDAwMDAwMDAsInJlYWQiOjMwMDAwMDAwMDAwMCwidXBkYXRlIjoxODAwMDAwMDAwMDAwfX0=",
          "dependencies": [
            "azurerm_network_security_group.app_subnet_nsg",
            "azurerm_resource_group.rg",
            "azurerm_subnet.appsubnet",
            "azurerm_virtual_network.vnet",
            "random_string.myrandom"
          ]
        }
      ]
    },
    {
      "mode": "managed",
      "type": "azurerm_network_security_rule",
      "name": "bastion_nsg_rule_inbound",
      "provider": "provider[\"registry.terraform.io/hashicorp/azurerm\"]",
      "instances": [
        {
          "index_key": "100",
          "schema_version": 0,
          "attributes": {
            "access": "Allow",
            "description": "",
            "destination_address_prefix": "*",
            "destination_address_prefixes": [],
            "destination_application_security_group_ids": [],
            "destination_port_range": "22",
            "destination_port_ranges": [],
            "direction": "Inbound",
            "id": "/subscriptions/854ef3b3-78cd-4397-949b-7a51cd858300/resourceGroups/sap-dev-rg-default-ol40pl/providers/Microsoft.Network/networkSecurityGroups/sap-dev-vnet-default-bastionsubnet-nsg/securityRules/Rule-Port-22",
            "name": "Rule-Port-22",
            "network_security_group_name": "sap-dev-vnet-default-bastionsubnet-nsg",
            "priority": 100,
            "protocol": "Tcp",
            "resource_group_name": "sap-dev-rg-default-ol40pl",
            "source_address_prefix": "*",
            "source_address_prefixes": [],
            "source_application_security_group_ids": [],
            "source_port_range": "*",
            "source_port_ranges": [],
            "timeouts": null
          },
          "sensitive_attributes": [],
          "private": "eyJlMmJmYjczMC1lY2FhLTExZTYtOGY4OC0zNDM2M2JjN2M0YzAiOnsiY3JlYXRlIjoxODAwMDAwMDAwMDAwLCJkZWxldGUiOjE4MDAwMDAwMDAwMDAsInJlYWQiOjMwMDAwMDAwMDAwMCwidXBkYXRlIjoxODAwMDAwMDAwMDAwfX0=",
          "dependencies": [
            "azurerm_network_security_group.bastion_subnet_nsg",
            "azurerm_resource_group.rg",
            "azurerm_subnet.bastionsubnet",
            "azurerm_virtual_network.vnet",
            "random_string.myrandom"
          ]
        },
        {
          "index_key": "110",
          "schema_version": 0,
          "attributes": {
            "access": "Allow",
            "description": "",
            "destination_address_prefix": "*",
            "destination_address_prefixes": [],
            "destination_application_security_group_ids": [],
            "destination_port_range": "3389",
            "destination_port_ranges": [],
            "direction": "Inbound",
            "id": "/subscriptions/854ef3b3-78cd-4397-949b-7a51cd858300/resourceGroups/sap-dev-rg-default-ol40pl/providers/Microsoft.Network/networkSecurityGroups/sap-dev-vnet-default-bastionsubnet-nsg/securityRules/Rule-Port-3389",
            "name": "Rule-Port-3389",
            "network_security_group_name": "sap-dev-vnet-default-bastionsubnet-nsg",
            "priority": 110,
            "protocol": "Tcp",
            "resource_group_name": "sap-dev-rg-default-ol40pl",
            "source_address_prefix": "*",
            "source_address_prefixes": [],
            "source_application_security_group_ids": [],
            "source_port_range": "*",
            "source_port_ranges": [],
            "timeouts": null
          },
          "sensitive_attributes": [],
          "private": "eyJlMmJmYjczMC1lY2FhLTExZTYtOGY4OC0zNDM2M2JjN2M0YzAiOnsiY3JlYXRlIjoxODAwMDAwMDAwMDAwLCJkZWxldGUiOjE4MDAwMDAwMDAwMDAsInJlYWQiOjMwMDAwMDAwMDAwMCwidXBkYXRlIjoxODAwMDAwMDAwMDAwfX0=",
          "dependencies": [
            "azurerm_network_security_group.bastion_subnet_nsg",
            "azurerm_resource_group.rg",
            "azurerm_subnet.bastionsubnet",
            "azurerm_virtual_network.vnet",
            "random_string.myrandom"
          ]
        }
      ]
    },
    {
      "mode": "managed",
      "type": "azurerm_network_security_rule",
      "name": "db_nsg_rule_inbound",
      "provider": "provider[\"registry.terraform.io/hashicorp/azurerm\"]",
      "instances": [
        {
          "index_key": "100",
          "schema_version": 0,
          "attributes": {
            "access": "Allow",
            "description": "",
            "destination_address_prefix": "*",
            "destination_address_prefixes": [],
            "destination_application_security_group_ids": [],
            "destination_port_range": "3306",
            "destination_port_ranges": [],
            "direction": "Inbound",
            "id": "/subscriptions/854ef3b3-78cd-4397-949b-7a51cd858300/resourceGroups/sap-dev-rg-default-ol40pl/providers/Microsoft.Network/networkSecurityGroups/sap-dev-vnet-default-dbsubnet-nsg/securityRules/Rule-Port-3306",
            "name": "Rule-Port-3306",
            "network_security_group_name": "sap-dev-vnet-default-dbsubnet-nsg",
            "priority": 100,
            "protocol": "Tcp",
            "resource_group_name": "sap-dev-rg-default-ol40pl",
            "source_address_prefix": "*",
            "source_address_prefixes": [],
            "source_application_security_group_ids": [],
            "source_port_range": "*",
            "source_port_ranges": [],
            "timeouts": null
          },
          "sensitive_attributes": [],
          "private": "eyJlMmJmYjczMC1lY2FhLTExZTYtOGY4OC0zNDM2M2JjN2M0YzAiOnsiY3JlYXRlIjoxODAwMDAwMDAwMDAwLCJkZWxldGUiOjE4MDAwMDAwMDAwMDAsInJlYWQiOjMwMDAwMDAwMDAwMCwidXBkYXRlIjoxODAwMDAwMDAwMDAwfX0=",
          "dependencies": [
            "azurerm_network_security_group.db_subnet_nsg",
            "azurerm_resource_group.rg",
            "azurerm_subnet.dbsubnet",
            "azurerm_virtual_network.vnet",
            "random_string.myrandom"
          ]
        },
        {
          "index_key": "110",
          "schema_version": 0,
          "attributes": {
            "access": "Allow",
            "description": "",
            "destination_address_prefix": "*",
            "destination_address_prefixes": [],
            "destination_application_security_group_ids": [],
            "destination_port_range": "1433",
            "destination_port_ranges": [],
            "direction": "Inbound",
            "id": "/subscriptions/854ef3b3-78cd-4397-949b-7a51cd858300/resourceGroups/sap-dev-rg-default-ol40pl/providers/Microsoft.Network/networkSecurityGroups/sap-dev-vnet-default-dbsubnet-nsg/securityRules/Rule-Port-1433",
            "name": "Rule-Port-1433",
            "network_security_group_name": "sap-dev-vnet-default-dbsubnet-nsg",
            "priority": 110,
            "protocol": "Tcp",
            "resource_group_name": "sap-dev-rg-default-ol40pl",
            "source_address_prefix": "*",
            "source_address_prefixes": [],
            "source_application_security_group_ids": [],
            "source_port_range": "*",
            "source_port_ranges": [],
            "timeouts": null
          },
          "sensitive_attributes": [],
          "private": "eyJlMmJmYjczMC1lY2FhLTExZTYtOGY4OC0zNDM2M2JjN2M0YzAiOnsiY3JlYXRlIjoxODAwMDAwMDAwMDAwLCJkZWxldGUiOjE4MDAwMDAwMDAwMDAsInJlYWQiOjMwMDAwMDAwMDAwMCwidXBkYXRlIjoxODAwMDAwMDAwMDAwfX0=",
          "dependencies": [
            "azurerm_network_security_group.db_subnet_nsg",
            "azurerm_resource_group.rg",
            "azurerm_subnet.dbsubnet",
            "azurerm_virtual_network.vnet",
            "random_string.myrandom"
          ]
        },
        {
          "index_key": "120",
          "schema_version": 0,
          "attributes": {
            "access": "Allow",
            "description": "",
            "destination_address_prefix": "*",
            "destination_address_prefixes": [],
            "destination_application_security_group_ids": [],
            "destination_port_range": "5432",
            "destination_port_ranges": [],
            "direction": "Inbound",
            "id": "/subscriptions/854ef3b3-78cd-4397-949b-7a51cd858300/resourceGroups/sap-dev-rg-default-ol40pl/providers/Microsoft.Network/networkSecurityGroups/sap-dev-vnet-default-dbsubnet-nsg/securityRules/Rule-Port-5432",
            "name": "Rule-Port-5432",
            "network_security_group_name": "sap-dev-vnet-default-dbsubnet-nsg",
            "priority": 120,
            "protocol": "Tcp",
            "resource_group_name": "sap-dev-rg-default-ol40pl",
            "source_address_prefix": "*",
            "source_address_prefixes": [],
            "source_application_security_group_ids": [],
            "source_port_range": "*",
            "source_port_ranges": [],
            "timeouts": null
          },
          "sensitive_attributes": [],
          "private": "eyJlMmJmYjczMC1lY2FhLTExZTYtOGY4OC0zNDM2M2JjN2M0YzAiOnsiY3JlYXRlIjoxODAwMDAwMDAwMDAwLCJkZWxldGUiOjE4MDAwMDAwMDAwMDAsInJlYWQiOjMwMDAwMDAwMDAwMCwidXBkYXRlIjoxODAwMDAwMDAwMDAwfX0=",
          "dependencies": [
            "azurerm_network_security_group.db_subnet_nsg",
            "azurerm_resource_group.rg",
            "azurerm_subnet.dbsubnet",
            "azurerm_virtual_network.vnet",
            "random_string.myrandom"
          ]
        }
      ]
    },
    {
      "mode": "managed",
      "type": "azurerm_network_security_rule",
      "name": "web_nsg_rule_inbound",
      "provider": "provider[\"registry.terraform.io/hashicorp/azurerm\"]",
      "instances": [
        {
          "index_key": "100",
          "schema_version": 0,
          "attributes": {
            "access": "Allow",
            "description": "",
            "destination_address_prefix": "*",
            "destination_address_prefixes": [],
            "destination_application_security_group_ids": [],
            "destination_port_range": "80",
            "destination_port_ranges": [],
            "direction": "Inbound",
            "id": "/subscriptions/854ef3b3-78cd-4397-949b-7a51cd858300/resourceGroups/sap-dev-rg-default-ol40pl/providers/Microsoft.Network/networkSecurityGroups/sap-dev-vnet-default-websubnet-nsg/securityRules/Rule-Port-80",
            "name": "Rule-Port-80",
            "network_security_group_name": "sap-dev-vnet-default-websubnet-nsg",
            "priority": 100,
            "protocol": "Tcp",
            "resource_group_name": "sap-dev-rg-default-ol40pl",
            "source_address_prefix": "*",
            "source_address_prefixes": [],
            "source_application_security_group_ids": [],
            "source_port_range": "*",
            "source_port_ranges": [],
            "timeouts": null
          },
          "sensitive_attributes": [],
          "private": "eyJlMmJmYjczMC1lY2FhLTExZTYtOGY4OC0zNDM2M2JjN2M0YzAiOnsiY3JlYXRlIjoxODAwMDAwMDAwMDAwLCJkZWxldGUiOjE4MDAwMDAwMDAwMDAsInJlYWQiOjMwMDAwMDAwMDAwMCwidXBkYXRlIjoxODAwMDAwMDAwMDAwfX0=",
          "dependencies": [
            "azurerm_network_security_group.web_subnet_nsg",
            "azurerm_resource_group.rg",
            "azurerm_subnet.websubnet",
            "azurerm_virtual_network.vnet",
            "random_string.myrandom"
          ]
        },
        {
          "index_key": "120",
          "schema_version": 0,
          "attributes": {
            "access": "Allow",
            "description": "",
            "destination_address_prefix": "*",
            "destination_address_prefixes": [],
            "destination_application_security_group_ids": [],
            "destination_port_range": "22",
            "destination_port_ranges": [],
            "direction": "Inbound",
            "id": "/subscriptions/854ef3b3-78cd-4397-949b-7a51cd858300/resourceGroups/sap-dev-rg-default-ol40pl/providers/Microsoft.Network/networkSecurityGroups/sap-dev-vnet-default-websubnet-nsg/securityRules/Rule-Port-22",
            "name": "Rule-Port-22",
            "network_security_group_name": "sap-dev-vnet-default-websubnet-nsg",
            "priority": 120,
            "protocol": "Tcp",
            "resource_group_name": "sap-dev-rg-default-ol40pl",
            "source_address_prefix": "*",
            "source_address_prefixes": [],
            "source_application_security_group_ids": [],
            "source_port_range": "*",
            "source_port_ranges": [],
            "timeouts": null
          },
          "sensitive_attributes": [],
          "private": "eyJlMmJmYjczMC1lY2FhLTExZTYtOGY4OC0zNDM2M2JjN2M0YzAiOnsiY3JlYXRlIjoxODAwMDAwMDAwMDAwLCJkZWxldGUiOjE4MDAwMDAwMDAwMDAsInJlYWQiOjMwMDAwMDAwMDAwMCwidXBkYXRlIjoxODAwMDAwMDAwMDAwfX0=",
          "dependencies": [
            "azurerm_network_security_group.web_subnet_nsg",
            "azurerm_resource_group.rg",
            "azurerm_subnet.websubnet",
            "azurerm_virtual_network.vnet",
            "random_string.myrandom"
          ]
        }
      ]
    },
    {
      "mode": "managed",
      "type": "azurerm_public_ip",
      "name": "publicIP-01",
      "provider": "provider[\"registry.terraform.io/hashicorp/azurerm\"]",
      "instances": [
        {
          "schema_version": 0,
          "attributes": {
            "allocation_method": "Static",
            "domain_name_label": null,
            "edge_zone": "",
            "fqdn": null,
            "id": "/subscriptions/854ef3b3-78cd-4397-949b-7a51cd858300/resourceGroups/sap-dev-rg-default-ol40pl/providers/Microsoft.Network/publicIPAddresses/pip-default",
            "idle_timeout_in_minutes": 4,
            "ip_address": "20.242.49.116",
            "ip_tags": {},
            "ip_version": "IPv4",
            "location": "eastus2",
            "name": "pip-default",
            "public_ip_prefix_id": null,
            "resource_group_name": "sap-dev-rg-default-ol40pl",
            "reverse_fqdn": null,
            "sku": "Basic",
            "sku_tier": "Regional",
            "tags": {},
            "timeouts": null,
            "zones": []
          },
          "sensitive_attributes": [],
          "private": "eyJlMmJmYjczMC1lY2FhLTExZTYtOGY4OC0zNDM2M2JjN2M0YzAiOnsiY3JlYXRlIjoxODAwMDAwMDAwMDAwLCJkZWxldGUiOjE4MDAwMDAwMDAwMDAsInJlYWQiOjMwMDAwMDAwMDAwMCwidXBkYXRlIjoxODAwMDAwMDAwMDAwfX0=",
          "dependencies": [
            "azurerm_resource_group.rg",
            "random_string.myrandom"
          ]
        }
      ]
    },
    {
      "mode": "managed",
      "type": "azurerm_resource_group",
      "name": "rg",
      "provider": "provider[\"registry.terraform.io/hashicorp/azurerm\"]",
      "instances": [
        {
          "schema_version": 0,
          "attributes": {
            "id": "/subscriptions/854ef3b3-78cd-4397-949b-7a51cd858300/resourceGroups/sap-dev-rg-default-ol40pl",
            "location": "eastus2",
            "name": "sap-dev-rg-default-ol40pl",
            "tags": {
              "environment": "dev",
              "owners": "sap"
            },
            "timeouts": null
          },
          "sensitive_attributes": [],
          "private": "eyJlMmJmYjczMC1lY2FhLTExZTYtOGY4OC0zNDM2M2JjN2M0YzAiOnsiY3JlYXRlIjo1NDAwMDAwMDAwMDAwLCJkZWxldGUiOjU0MDAwMDAwMDAwMDAsInJlYWQiOjMwMDAwMDAwMDAwMCwidXBkYXRlIjo1NDAwMDAwMDAwMDAwfX0=",
          "dependencies": [
            "random_string.myrandom"
          ]
        }
      ]
    },
    {
      "mode": "managed",
      "type": "azurerm_subnet",
      "name": "appsubnet",
      "provider": "provider[\"registry.terraform.io/hashicorp/azurerm\"]",
      "instances": [
        {
          "schema_version": 0,
          "attributes": {
            "address_prefixes": [
              "10.0.11.0/24"
            ],
            "delegation": [],
            "enforce_private_link_endpoint_network_policies": false,
            "enforce_private_link_service_network_policies": false,
            "id": "/subscriptions/854ef3b3-78cd-4397-949b-7a51cd858300/resourceGroups/sap-dev-rg-default-ol40pl/providers/Microsoft.Network/virtualNetworks/sap-dev-vnet-default/subnets/sap-dev-vnet-default-appsubnet",
            "name": "sap-dev-vnet-default-appsubnet",
            "private_endpoint_network_policies_enabled": true,
            "private_link_service_network_policies_enabled": true,
            "resource_group_name": "sap-dev-rg-default-ol40pl",
            "service_endpoint_policy_ids": [],
            "service_endpoints": [],
            "timeouts": null,
            "virtual_network_name": "sap-dev-vnet-default"
          },
          "sensitive_attributes": [],
          "private": "eyJlMmJmYjczMC1lY2FhLTExZTYtOGY4OC0zNDM2M2JjN2M0YzAiOnsiY3JlYXRlIjoxODAwMDAwMDAwMDAwLCJkZWxldGUiOjE4MDAwMDAwMDAwMDAsInJlYWQiOjMwMDAwMDAwMDAwMCwidXBkYXRlIjoxODAwMDAwMDAwMDAwfX0=",
          "dependencies": [
            "azurerm_resource_group.rg",
            "azurerm_virtual_network.vnet",
            "random_string.myrandom"
          ]
        }
      ]
    },
    {
      "mode": "managed",
      "type": "azurerm_subnet",
      "name": "bastionsubnet",
      "provider": "provider[\"registry.terraform.io/hashicorp/azurerm\"]",
      "instances": [
        {
          "schema_version": 0,
          "attributes": {
            "address_prefixes": [
              "10.0.100.0/24"
            ],
            "delegation": [],
            "enforce_private_link_endpoint_network_policies": false,
            "enforce_private_link_service_network_policies": false,
            "id": "/subscriptions/854ef3b3-78cd-4397-949b-7a51cd858300/resourceGroups/sap-dev-rg-default-ol40pl/providers/Microsoft.Network/virtualNetworks/sap-dev-vnet-default/subnets/sap-dev-vnet-default-bastionsubnet",
            "name": "sap-dev-vnet-default-bastionsubnet",
            "private_endpoint_network_policies_enabled": true,
            "private_link_service_network_policies_enabled": true,
            "resource_group_name": "sap-dev-rg-default-ol40pl",
            "service_endpoint_policy_ids": [],
            "service_endpoints": [],
            "timeouts": null,
            "virtual_network_name": "sap-dev-vnet-default"
          },
          "sensitive_attributes": [],
          "private": "eyJlMmJmYjczMC1lY2FhLTExZTYtOGY4OC0zNDM2M2JjN2M0YzAiOnsiY3JlYXRlIjoxODAwMDAwMDAwMDAwLCJkZWxldGUiOjE4MDAwMDAwMDAwMDAsInJlYWQiOjMwMDAwMDAwMDAwMCwidXBkYXRlIjoxODAwMDAwMDAwMDAwfX0=",
          "dependencies": [
            "azurerm_resource_group.rg",
            "azurerm_virtual_network.vnet",
            "random_string.myrandom"
          ]
        }
      ]
    },
    {
      "mode": "managed",
      "type": "azurerm_subnet",
      "name": "dbsubnet",
      "provider": "provider[\"registry.terraform.io/hashicorp/azurerm\"]",
      "instances": [
        {
          "schema_version": 0,
          "attributes": {
            "address_prefixes": [
              "10.0.21.0/24"
            ],
            "delegation": [],
            "enforce_private_link_endpoint_network_policies": false,
            "enforce_private_link_service_network_policies": false,
            "id": "/subscriptions/854ef3b3-78cd-4397-949b-7a51cd858300/resourceGroups/sap-dev-rg-default-ol40pl/providers/Microsoft.Network/virtualNetworks/sap-dev-vnet-default/subnets/sap-dev-vnet-default-dbsubnet",
            "name": "sap-dev-vnet-default-dbsubnet",
            "private_endpoint_network_policies_enabled": true,
            "private_link_service_network_policies_enabled": true,
            "resource_group_name": "sap-dev-rg-default-ol40pl",
            "service_endpoint_policy_ids": [],
            "service_endpoints": [],
            "timeouts": null,
            "virtual_network_name": "sap-dev-vnet-default"
          },
          "sensitive_attributes": [],
          "private": "eyJlMmJmYjczMC1lY2FhLTExZTYtOGY4OC0zNDM2M2JjN2M0YzAiOnsiY3JlYXRlIjoxODAwMDAwMDAwMDAwLCJkZWxldGUiOjE4MDAwMDAwMDAwMDAsInJlYWQiOjMwMDAwMDAwMDAwMCwidXBkYXRlIjoxODAwMDAwMDAwMDAwfX0=",
          "dependencies": [
            "azurerm_resource_group.rg",
            "azurerm_virtual_network.vnet",
            "random_string.myrandom"
          ]
        }
      ]
    },
    {
      "mode": "managed",
      "type": "azurerm_subnet",
      "name": "websubnet",
      "provider": "provider[\"registry.terraform.io/hashicorp/azurerm\"]",
      "instances": [
        {
          "schema_version": 0,
          "attributes": {
            "address_prefixes": [
              "10.0.1.0/24"
            ],
            "delegation": [],
            "enforce_private_link_endpoint_network_policies": false,
            "enforce_private_link_service_network_policies": false,
            "id": "/subscriptions/854ef3b3-78cd-4397-949b-7a51cd858300/resourceGroups/sap-dev-rg-default-ol40pl/providers/Microsoft.Network/virtualNetworks/sap-dev-vnet-default/subnets/sap-dev-vnet-default-websubnet",
            "name": "sap-dev-vnet-default-websubnet",
            "private_endpoint_network_policies_enabled": true,
            "private_link_service_network_policies_enabled": true,
            "resource_group_name": "sap-dev-rg-default-ol40pl",
            "service_endpoint_policy_ids": [],
            "service_endpoints": [],
            "timeouts": null,
            "virtual_network_name": "sap-dev-vnet-default"
          },
          "sensitive_attributes": [],
          "private": "eyJlMmJmYjczMC1lY2FhLTExZTYtOGY4OC0zNDM2M2JjN2M0YzAiOnsiY3JlYXRlIjoxODAwMDAwMDAwMDAwLCJkZWxldGUiOjE4MDAwMDAwMDAwMDAsInJlYWQiOjMwMDAwMDAwMDAwMCwidXBkYXRlIjoxODAwMDAwMDAwMDAwfX0=",
          "dependencies": [
            "azurerm_resource_group.rg",
            "azurerm_virtual_network.vnet",
            "random_string.myrandom"
          ]
        }
      ]
    },
    {
      "mode": "managed",
      "type": "azurerm_subnet_network_security_group_association",
      "name": "app_subnet_nsg_associate",
      "provider": "provider[\"registry.terraform.io/hashicorp/azurerm\"]",
      "instances": [
        {
          "schema_version": 0,
          "attributes": {
            "id": "/subscriptions/854ef3b3-78cd-4397-949b-7a51cd858300/resourceGroups/sap-dev-rg-default-ol40pl/providers/Microsoft.Network/virtualNetworks/sap-dev-vnet-default/subnets/sap-dev-vnet-default-appsubnet",
            "network_security_group_id": "/subscriptions/854ef3b3-78cd-4397-949b-7a51cd858300/resourceGroups/sap-dev-rg-default-ol40pl/providers/Microsoft.Network/networkSecurityGroups/sap-dev-vnet-default-appsubnet-nsg",
            "subnet_id": "/subscriptions/854ef3b3-78cd-4397-949b-7a51cd858300/resourceGroups/sap-dev-rg-default-ol40pl/providers/Microsoft.Network/virtualNetworks/sap-dev-vnet-default/subnets/sap-dev-vnet-default-appsubnet",
            "timeouts": null
          },
          "sensitive_attributes": [],
          "private": "eyJlMmJmYjczMC1lY2FhLTExZTYtOGY4OC0zNDM2M2JjN2M0YzAiOnsiY3JlYXRlIjoxODAwMDAwMDAwMDAwLCJkZWxldGUiOjE4MDAwMDAwMDAwMDAsInJlYWQiOjMwMDAwMDAwMDAwMCwidXBkYXRlIjoxODAwMDAwMDAwMDAwfX0=",
          "dependencies": [
            "azurerm_network_security_group.app_subnet_nsg",
            "azurerm_network_security_rule.app_nsg_rule_inbound",
            "azurerm_resource_group.rg",
            "azurerm_subnet.appsubnet",
            "azurerm_virtual_network.vnet",
            "random_string.myrandom"
          ]
        }
      ]
    },
    {
      "mode": "managed",
      "type": "azurerm_subnet_network_security_group_association",
      "name": "bastion_subnet_nsg_associate",
      "provider": "provider[\"registry.terraform.io/hashicorp/azurerm\"]",
      "instances": [
        {
          "schema_version": 0,
          "attributes": {
            "id": "/subscriptions/854ef3b3-78cd-4397-949b-7a51cd858300/resourceGroups/sap-dev-rg-default-ol40pl/providers/Microsoft.Network/virtualNetworks/sap-dev-vnet-default/subnets/sap-dev-vnet-default-bastionsubnet",
            "network_security_group_id": "/subscriptions/854ef3b3-78cd-4397-949b-7a51cd858300/resourceGroups/sap-dev-rg-default-ol40pl/providers/Microsoft.Network/networkSecurityGroups/sap-dev-vnet-default-bastionsubnet-nsg",
            "subnet_id": "/subscriptions/854ef3b3-78cd-4397-949b-7a51cd858300/resourceGroups/sap-dev-rg-default-ol40pl/providers/Microsoft.Network/virtualNetworks/sap-dev-vnet-default/subnets/sap-dev-vnet-default-bastionsubnet",
            "timeouts": null
          },
          "sensitive_attributes": [],
          "private": "eyJlMmJmYjczMC1lY2FhLTExZTYtOGY4OC0zNDM2M2JjN2M0YzAiOnsiY3JlYXRlIjoxODAwMDAwMDAwMDAwLCJkZWxldGUiOjE4MDAwMDAwMDAwMDAsInJlYWQiOjMwMDAwMDAwMDAwMCwidXBkYXRlIjoxODAwMDAwMDAwMDAwfX0=",
          "dependencies": [
            "azurerm_network_security_group.bastion_subnet_nsg",
            "azurerm_network_security_rule.bastion_nsg_rule_inbound",
            "azurerm_resource_group.rg",
            "azurerm_subnet.bastionsubnet",
            "azurerm_virtual_network.vnet",
            "random_string.myrandom"
          ]
        }
      ]
    },
    {
      "mode": "managed",
      "type": "azurerm_subnet_network_security_group_association",
      "name": "db_subnet_nsg_associate",
      "provider": "provider[\"registry.terraform.io/hashicorp/azurerm\"]",
      "instances": [
        {
          "schema_version": 0,
          "attributes": {
            "id": "/subscriptions/854ef3b3-78cd-4397-949b-7a51cd858300/resourceGroups/sap-dev-rg-default-ol40pl/providers/Microsoft.Network/virtualNetworks/sap-dev-vnet-default/subnets/sap-dev-vnet-default-dbsubnet",
            "network_security_group_id": "/subscriptions/854ef3b3-78cd-4397-949b-7a51cd858300/resourceGroups/sap-dev-rg-default-ol40pl/providers/Microsoft.Network/networkSecurityGroups/sap-dev-vnet-default-dbsubnet-nsg",
            "subnet_id": "/subscriptions/854ef3b3-78cd-4397-949b-7a51cd858300/resourceGroups/sap-dev-rg-default-ol40pl/providers/Microsoft.Network/virtualNetworks/sap-dev-vnet-default/subnets/sap-dev-vnet-default-dbsubnet",
            "timeouts": null
          },
          "sensitive_attributes": [],
          "private": "eyJlMmJmYjczMC1lY2FhLTExZTYtOGY4OC0zNDM2M2JjN2M0YzAiOnsiY3JlYXRlIjoxODAwMDAwMDAwMDAwLCJkZWxldGUiOjE4MDAwMDAwMDAwMDAsInJlYWQiOjMwMDAwMDAwMDAwMCwidXBkYXRlIjoxODAwMDAwMDAwMDAwfX0=",
          "dependencies": [
            "azurerm_network_security_group.db_subnet_nsg",
            "azurerm_network_security_rule.db_nsg_rule_inbound",
            "azurerm_resource_group.rg",
            "azurerm_subnet.dbsubnet",
            "azurerm_virtual_network.vnet",
            "random_string.myrandom"
          ]
        }
      ]
    },
    {
      "mode": "managed",
      "type": "azurerm_subnet_network_security_group_association",
      "name": "web_subnet_nsg_associate",
      "provider": "provider[\"registry.terraform.io/hashicorp/azurerm\"]",
      "instances": [
        {
          "schema_version": 0,
          "attributes": {
            "id": "/subscriptions/854ef3b3-78cd-4397-949b-7a51cd858300/resourceGroups/sap-dev-rg-default-ol40pl/providers/Microsoft.Network/virtualNetworks/sap-dev-vnet-default/subnets/sap-dev-vnet-default-websubnet",
            "network_security_group_id": "/subscriptions/854ef3b3-78cd-4397-949b-7a51cd858300/resourceGroups/sap-dev-rg-default-ol40pl/providers/Microsoft.Network/networkSecurityGroups/sap-dev-vnet-default-websubnet-nsg",
            "subnet_id": "/subscriptions/854ef3b3-78cd-4397-949b-7a51cd858300/resourceGroups/sap-dev-rg-default-ol40pl/providers/Microsoft.Network/virtualNetworks/sap-dev-vnet-default/subnets/sap-dev-vnet-default-websubnet",
            "timeouts": null
          },
          "sensitive_attributes": [],
          "private": "eyJlMmJmYjczMC1lY2FhLTExZTYtOGY4OC0zNDM2M2JjN2M0YzAiOnsiY3JlYXRlIjoxODAwMDAwMDAwMDAwLCJkZWxldGUiOjE4MDAwMDAwMDAwMDAsInJlYWQiOjMwMDAwMDAwMDAwMCwidXBkYXRlIjoxODAwMDAwMDAwMDAwfX0=",
          "dependencies": [
            "azurerm_network_security_group.web_subnet_nsg",
            "azurerm_network_security_rule.web_nsg_rule_inbound",
            "azurerm_resource_group.rg",
            "azurerm_subnet.websubnet",
            "azurerm_virtual_network.vnet",
            "random_string.myrandom"
          ]
        }
      ]
    },
    {
      "mode": "managed",
      "type": "azurerm_virtual_network",
      "name": "vnet",
      "provider": "provider[\"registry.terraform.io/hashicorp/azurerm\"]",
      "instances": [
        {
          "schema_version": 0,
          "attributes": {
            "address_space": [
              "10.0.0.0/16"
            ],
            "bgp_community": "",
            "ddos_protection_plan": [],
            "dns_servers": [],
            "edge_zone": "",
            "flow_timeout_in_minutes": 0,
            "guid": "7294662a-000e-4c9f-a75b-f3ddf3841afe",
            "id": "/subscriptions/854ef3b3-78cd-4397-949b-7a51cd858300/resourceGroups/sap-dev-rg-default-ol40pl/providers/Microsoft.Network/virtualNetworks/sap-dev-vnet-default",
            "location": "eastus2",
            "name": "sap-dev-vnet-default",
            "resource_group_name": "sap-dev-rg-default-ol40pl",
            "subnet": [
              {
                "address_prefix": "10.0.1.0/24",
                "id": "/subscriptions/854ef3b3-78cd-4397-949b-7a51cd858300/resourceGroups/sap-dev-rg-default-ol40pl/providers/Microsoft.Network/virtualNetworks/sap-dev-vnet-default/subnets/sap-dev-vnet-default-websubnet",
                "name": "sap-dev-vnet-default-websubnet",
                "security_group": "/subscriptions/854ef3b3-78cd-4397-949b-7a51cd858300/resourceGroups/sap-dev-rg-default-ol40pl/providers/Microsoft.Network/networkSecurityGroups/sap-dev-vnet-default-websubnet-nsg"
              },
              {
                "address_prefix": "10.0.100.0/24",
                "id": "/subscriptions/854ef3b3-78cd-4397-949b-7a51cd858300/resourceGroups/sap-dev-rg-default-ol40pl/providers/Microsoft.Network/virtualNetworks/sap-dev-vnet-default/subnets/sap-dev-vnet-default-bastionsubnet",
                "name": "sap-dev-vnet-default-bastionsubnet",
                "security_group": "/subscriptions/854ef3b3-78cd-4397-949b-7a51cd858300/resourceGroups/sap-dev-rg-default-ol40pl/providers/Microsoft.Network/networkSecurityGroups/sap-dev-vnet-default-bastionsubnet-nsg"
              },
              {
                "address_prefix": "10.0.11.0/24",
                "id": "/subscriptions/854ef3b3-78cd-4397-949b-7a51cd858300/resourceGroups/sap-dev-rg-default-ol40pl/providers/Microsoft.Network/virtualNetworks/sap-dev-vnet-default/subnets/sap-dev-vnet-default-appsubnet",
                "name": "sap-dev-vnet-default-appsubnet",
                "security_group": "/subscriptions/854ef3b3-78cd-4397-949b-7a51cd858300/resourceGroups/sap-dev-rg-default-ol40pl/providers/Microsoft.Network/networkSecurityGroups/sap-dev-vnet-default-appsubnet-nsg"
              },
              {
                "address_prefix": "10.0.21.0/24",
                "id": "/subscriptions/854ef3b3-78cd-4397-949b-7a51cd858300/resourceGroups/sap-dev-rg-default-ol40pl/providers/Microsoft.Network/virtualNetworks/sap-dev-vnet-default/subnets/sap-dev-vnet-default-dbsubnet",
                "name": "sap-dev-vnet-default-dbsubnet",
                "security_group": "/subscriptions/854ef3b3-78cd-4397-949b-7a51cd858300/resourceGroups/sap-dev-rg-default-ol40pl/providers/Microsoft.Network/networkSecurityGroups/sap-dev-vnet-default-dbsubnet-nsg"
              }
            ],
            "tags": {
              "environment": "dev",
              "owners": "sap"
            },
            "timeouts": null
          },
          "sensitive_attributes": [],
          "private": "eyJlMmJmYjczMC1lY2FhLTExZTYtOGY4OC0zNDM2M2JjN2M0YzAiOnsiY3JlYXRlIjoxODAwMDAwMDAwMDAwLCJkZWxldGUiOjE4MDAwMDAwMDAwMDAsInJlYWQiOjMwMDAwMDAwMDAwMCwidXBkYXRlIjoxODAwMDAwMDAwMDAwfX0=",
          "dependencies": [
            "azurerm_resource_group.rg",
            "random_string.myrandom"
          ]
        }
      ]
    },
    {
      "mode": "managed",
      "type": "random_string",
      "name": "myrandom",
      "provider": "provider[\"registry.terraform.io/hashicorp/random\"]",
      "instances": [
        {
          "schema_version": 2,
          "attributes": {
            "id": "ol40pl",
            "keepers": null,
            "length": 6,
            "lower": true,
            "min_lower": 0,
            "min_numeric": 0,
            "min_special": 0,
            "min_upper": 0,
            "number": true,
            "numeric": true,
            "override_special": null,
            "result": "ol40pl",
            "special": false,
            "upper": false
          },
          "sensitive_attributes": [],
          "private": "eyJzY2hlbWFfdmVyc2lvbiI6IjIifQ=="
        }
      ]
    },
    {
      "mode": "managed",
      "type": "tls_private_key",
      "name": "privateKey",
      "provider": "provider[\"registry.terraform.io/hashicorp/tls\"]",
      "instances": [
        {
          "schema_version": 1,
          "attributes": {
            "algorithm": "RSA",
            "ecdsa_curve": "P224",
            "id": "785370bb21c58aa58a2d595ff30ee7ae104bd061",
            "private_key_openssh": "-----BEGIN OPENSSH PRIVATE KEY-----\nb3BlbnNzaC1rZXktdjEAAAAABG5vbmUAAAAEbm9uZQAAAAAAAAABAAABFwAAAAdz\nc2gtcnNhAAAAAwEAAQAAAQEAwl0Yu24qlhHKXiOCLdWqWoiDOt0RFbks/liYwtSV\ny2HuTLZiRqfwg2y9mj1xhoSlrCKHeEz6h94u5w1lQhafWDknFg/Vid3BCuLAeY65\nkRtv7SSZTnbjvZNAopSblARC79IwtmtmgSQ/4pDqoLCZ/5QpDiOT847dUQpDeswh\noDxnqgWucpTbUZ2gTROin2iYpkdUiMd2BKYi5aUfo90DKJ5fKLS4o75K6WU9B8yi\n2+XfCcoDQ6pwRsy5u+suXCCNRNrqj1zzp5NZ2PDfn/xaqA02Cm5MjvoVNx2Tv43E\n27SlDulfBhYDJzXTjthKqVVXt4TraVePLBVzzPSaOS1HFwAAA7izJqcCsyanAgAA\nAAdzc2gtcnNhAAABAQDCXRi7biqWEcpeI4It1apaiIM63REVuSz+WJjC1JXLYe5M\ntmJGp/CDbL2aPXGGhKWsIod4TPqH3i7nDWVCFp9YOScWD9WJ3cEK4sB5jrmRG2/t\nJJlOduO9k0CilJuUBELv0jC2a2aBJD/ikOqgsJn/lCkOI5Pzjt1RCkN6zCGgPGeq\nBa5ylNtRnaBNE6KfaJimR1SIx3YEpiLlpR+j3QMonl8otLijvkrpZT0HzKLb5d8J\nygNDqnBGzLm76y5cII1E2uqPXPOnk1nY8N+f/FqoDTYKbkyO+hU3HZO/jcTbtKUO\n6V8GFgMnNdOO2EqpVVe3hOtpV48sFXPM9Jo5LUcXAAAAAwEAAQAAAQEAvgZbCdS5\nmiMmoUdCHSHK/dx9wO0lqQF0de+U2tcQ5NmILEQcbUwAH94OuV/dQFEr0NGpdPp9\n7pxRauBz4VtQyuaFylIMyk+eTtBGshHSZ4ZVtZqUsFwYaN4w0UNNoDdSYjo0GgWD\nIDuaoh5g5l4DEhd+1C4Alp1Uz8ijFMnDDm6KroQM6MBZSdos5XCy8cWnMXo1TcT4\ntGouFziq8Df6lGjm5c4lapym5mPEkfywFxqvwkGkwdkHzfWh8sALWDMYvGh/CtMB\ndcCnfwMQc19cYx33sfVC7PMRDnrlNsg4yV6Ur0q30dzJoAT9a2gCrHjvFxUNYF66\nv68Izsn+T/ws8QAAAIBhcsWiNoLvQML3S0LwijoI6bglqHdjgLlEb09WMjufDzcG\nVVR98GXv5E5/VbSFVfEODBRSylzqfL6MhhaDSViQ0zFA2/kfxBjmrr3fblOUiQyk\niOOtcsuaYjgB4MBH0zXmtCnBebi5SOkxRYr0rixpSC0ZC6XYfzAHT4ANtW6UnAAA\nAIEAzdgsE8zmqGvd9ACTZ4RaCP/Ld2/2QuHQb6s780C/ZZUE8iOjiwfEqsfCHQTg\nsv1Ac7KAEjWI6lBW1iuWkxT+WgLTJLL04yLMO++WDDPtR+fdNeauYd8QrxI1c/3k\nzXfYow4BislR508SvS16idyhcStO2TkjdxRE4+dvH144jq0AAACBAPG4y8pVNV7Q\nWgL32TDDhhEtEQ5YFkEGxpJTGWiyqPihNawGLHQoG9oVj3znrRTT62IJNJw4JbAY\nFHMwLX3MiZ7zjmEj4Cwp5f8DOgSYcsRV4o8QDHLfcuNUSL3WyCfxjdmYQs6yjCS+\nJg3ic4UG3G50Waj56/0vvWoNk21oLLlTAAAAAAEC\n-----END OPENSSH PRIVATE KEY-----\n",
            "private_key_pem": "-----BEGIN RSA PRIVATE KEY-----\nMIIEowIBAAKCAQEAwl0Yu24qlhHKXiOCLdWqWoiDOt0RFbks/liYwtSVy2HuTLZi\nRqfwg2y9mj1xhoSlrCKHeEz6h94u5w1lQhafWDknFg/Vid3BCuLAeY65kRtv7SSZ\nTnbjvZNAopSblARC79IwtmtmgSQ/4pDqoLCZ/5QpDiOT847dUQpDeswhoDxnqgWu\ncpTbUZ2gTROin2iYpkdUiMd2BKYi5aUfo90DKJ5fKLS4o75K6WU9B8yi2+XfCcoD\nQ6pwRsy5u+suXCCNRNrqj1zzp5NZ2PDfn/xaqA02Cm5MjvoVNx2Tv43E27SlDulf\nBhYDJzXTjthKqVVXt4TraVePLBVzzPSaOS1HFwIDAQABAoIBAQC+BlsJ1LmaIyah\nR0IdIcr93H3A7SWpAXR175Ta1xDk2YgsRBxtTAAf3g65X91AUSvQ0al0+n3unFFq\n4HPhW1DK5oXKUgzKT55O0EayEdJnhlW1mpSwXBho3jDRQ02gN1JiOjQaBYMgO5qi\nHmDmXgMSF37ULgCWnVTPyKMUycMOboquhAzowFlJ2izlcLLxxacxejVNxPi0ai4X\nOKrwN/qUaOblziVqnKbmY8SR/LAXGq/CQaTB2QfN9aHywAtYMxi8aH8K0wF1wKd/\nAxBzX1xjHfex9ULs8xEOeuU2yDjJXpSvSrfR3MmgBP1raAKseO8XFQ1gXrq/rwjO\nyf5P/CzxAoGBAM3YLBPM5qhr3fQAk2eEWgj/y3dv9kLh0G+rO/NAv2WVBPIjo4sH\nxKrHwh0E4LL9QHOygBI1iOpQVtYrlpMU/loC0ySy9OMizDvvlgwz7Ufn3TXmrmHf\nEK8SNXP95M132KMOAYrJUedPEr0teoncoXErTtk5I3cUROPnbx9eOI6tAoGBAPG4\ny8pVNV7QWgL32TDDhhEtEQ5YFkEGxpJTGWiyqPihNawGLHQoG9oVj3znrRTT62IJ\nNJw4JbAYFHMwLX3MiZ7zjmEj4Cwp5f8DOgSYcsRV4o8QDHLfcuNUSL3WyCfxjdmY\nQs6yjCS+Jg3ic4UG3G50Waj56/0vvWoNk21oLLlTAoGAb7PbV3NdyA+hBoQ5eXdN\nFI0a8NmFHY5E+hRGGB8OviU75dqJKS0yACsen3jCJt9fVmmLLlZ20hB+zwIgV/iQ\nfnAB/GxQj+GWSwAcwMp8/QRJ+rIP93SBLUAIWcVxoD5lBTbYh2PwWkGCvb4sPRvJ\nUAxcYWysXjZVnAc/Ohp7PpECgYBxZ6ycqatXZ1LDj7pjCWhtyIH3A9a0/VPONJR4\nLVHfC+sdYOwcNvESOQlPpXXrjp0hKoZ3QFRWMIXvoMvG+F4cp9HFu0oiDiosoTvo\nCgnWGSEo03OztSe2hcV24zyWmNpfGvNE/DmJx3gdDX/7CkQCwi2KfG5+I5avGd1v\n9+77pwKBgGFyxaI2gu9AwvdLQvCKOgjpuCWod2OAuURvT1YyO58PNwZVVH3wZe/k\nTn9VtIVV8Q4MFFLKXOp8voyGFoNJWJDTMUDb+R/EGOauvd9uU5SJDKSI461yy5pi\nOAHgwEfTNea0KcF5uLlI6TFFivSuLGlILRkLpdh/MAdPgA21bpSc\n-----END RSA PRIVATE KEY-----\n",
            "private_key_pem_pkcs8": "-----BEGIN PRIVATE KEY-----\nMIIEvQIBADANBgkqhkiG9w0BAQEFAASCBKcwggSjAgEAAoIBAQDCXRi7biqWEcpe\nI4It1apaiIM63REVuSz+WJjC1JXLYe5MtmJGp/CDbL2aPXGGhKWsIod4TPqH3i7n\nDWVCFp9YOScWD9WJ3cEK4sB5jrmRG2/tJJlOduO9k0CilJuUBELv0jC2a2aBJD/i\nkOqgsJn/lCkOI5Pzjt1RCkN6zCGgPGeqBa5ylNtRnaBNE6KfaJimR1SIx3YEpiLl\npR+j3QMonl8otLijvkrpZT0HzKLb5d8JygNDqnBGzLm76y5cII1E2uqPXPOnk1nY\n8N+f/FqoDTYKbkyO+hU3HZO/jcTbtKUO6V8GFgMnNdOO2EqpVVe3hOtpV48sFXPM\n9Jo5LUcXAgMBAAECggEBAL4GWwnUuZojJqFHQh0hyv3cfcDtJakBdHXvlNrXEOTZ\niCxEHG1MAB/eDrlf3UBRK9DRqXT6fe6cUWrgc+FbUMrmhcpSDMpPnk7QRrIR0meG\nVbWalLBcGGjeMNFDTaA3UmI6NBoFgyA7mqIeYOZeAxIXftQuAJadVM/IoxTJww5u\niq6EDOjAWUnaLOVwsvHFpzF6NU3E+LRqLhc4qvA3+pRo5uXOJWqcpuZjxJH8sBca\nr8JBpMHZB831ofLAC1gzGLxofwrTAXXAp38DEHNfXGMd97H1QuzzEQ565TbIOMle\nlK9Kt9HcyaAE/WtoAqx47xcVDWBeur+vCM7J/k/8LPECgYEAzdgsE8zmqGvd9ACT\nZ4RaCP/Ld2/2QuHQb6s780C/ZZUE8iOjiwfEqsfCHQTgsv1Ac7KAEjWI6lBW1iuW\nkxT+WgLTJLL04yLMO++WDDPtR+fdNeauYd8QrxI1c/3kzXfYow4BislR508SvS16\nidyhcStO2TkjdxRE4+dvH144jq0CgYEA8bjLylU1XtBaAvfZMMOGES0RDlgWQQbG\nklMZaLKo+KE1rAYsdCgb2hWPfOetFNPrYgk0nDglsBgUczAtfcyJnvOOYSPgLCnl\n/wM6BJhyxFXijxAMct9y41RIvdbIJ/GN2ZhCzrKMJL4mDeJzhQbcbnRZqPnr/S+9\nag2TbWgsuVMCgYBvs9tXc13ID6EGhDl5d00UjRrw2YUdjkT6FEYYHw6+JTvl2okp\nLTIAKx6feMIm319WaYsuVnbSEH7PAiBX+JB+cAH8bFCP4ZZLABzAynz9BEn6sg/3\ndIEtQAhZxXGgPmUFNtiHY/BaQYK9viw9G8lQDFxhbKxeNlWcBz86Gns+kQKBgHFn\nrJypq1dnUsOPumMJaG3IgfcD1rT9U840lHgtUd8L6x1g7Bw28RI5CU+ldeuOnSEq\nhndAVFYwhe+gy8b4Xhyn0cW7SiIOKiyhO+gKCdYZISjTc7O1J7aFxXbjPJaY2l8a\n80T8OYnHeB0Nf/sKRALCLYp8bn4jlq8Z3W/37vunAoGAYXLFojaC70DC90tC8Io6\nCOm4Jah3Y4C5RG9PVjI7nw83BlVUffBl7+ROf1W0hVXxDgwUUspc6ny+jIYWg0lY\nkNMxQNv5H8QY5q69325TlIkMpIjjrXLLmmI4AeDAR9M15rQpwXm4uUjpMUWK9K4s\naUgtGQul2H8wB0+ADbVulJw=\n-----END PRIVATE KEY-----\n",
            "public_key_fingerprint_md5": "2a:0a:9f:d5:e9:3c:0c:80:cc:66:c8:30:49:c8:d3:55",
            "public_key_fingerprint_sha256": "SHA256:gNSnOzPwvj558GIy1EsYEipkwrk8TQ0i/nTm0AagzZw",
            "public_key_openssh": "ssh-rsa AAAAB3NzaC1yc2EAAAADAQABAAABAQDCXRi7biqWEcpeI4It1apaiIM63REVuSz+WJjC1JXLYe5MtmJGp/CDbL2aPXGGhKWsIod4TPqH3i7nDWVCFp9YOScWD9WJ3cEK4sB5jrmRG2/tJJlOduO9k0CilJuUBELv0jC2a2aBJD/ikOqgsJn/lCkOI5Pzjt1RCkN6zCGgPGeqBa5ylNtRnaBNE6KfaJimR1SIx3YEpiLlpR+j3QMonl8otLijvkrpZT0HzKLb5d8JygNDqnBGzLm76y5cII1E2uqPXPOnk1nY8N+f/FqoDTYKbkyO+hU3HZO/jcTbtKUO6V8GFgMnNdOO2EqpVVe3hOtpV48sFXPM9Jo5LUcX\n",
            "public_key_pem": "-----BEGIN PUBLIC KEY-----\nMIIBIjANBgkqhkiG9w0BAQEFAAOCAQ8AMIIBCgKCAQEAwl0Yu24qlhHKXiOCLdWq\nWoiDOt0RFbks/liYwtSVy2HuTLZiRqfwg2y9mj1xhoSlrCKHeEz6h94u5w1lQhaf\nWDknFg/Vid3BCuLAeY65kRtv7SSZTnbjvZNAopSblARC79IwtmtmgSQ/4pDqoLCZ\n/5QpDiOT847dUQpDeswhoDxnqgWucpTbUZ2gTROin2iYpkdUiMd2BKYi5aUfo90D\nKJ5fKLS4o75K6WU9B8yi2+XfCcoDQ6pwRsy5u+suXCCNRNrqj1zzp5NZ2PDfn/xa\nqA02Cm5MjvoVNx2Tv43E27SlDulfBhYDJzXTjthKqVVXt4TraVePLBVzzPSaOS1H\nFwIDAQAB\n-----END PUBLIC KEY-----\n",
            "rsa_bits": 2048
          },
          "sensitive_attributes": []
        }
      ]
    }
  ]
}
